
Microsoft Visual Studio Solution File, Format Version 12.00
# Visual Studio Version 16
VisualStudioVersion = 16.0.30907.101
MinimumVisualStudioVersion = 10.0.40219.1
Project("{FAE04EC0-301F-11D3-BF4B-00C04F79EFBC}") = "Vacancy", "Vacancy\Vacancy.csproj", "{54AD2938-84BD-4412-922E-03040D78C1DE}"
EndProject
Global
	GlobalSection(SolutionConfigurationPlatforms) = preSolution
		Debug|Any CPU = Debug|Any CPU
		Release|Any CPU = Release|Any CPU
	EndGlobalSection
	GlobalSection(ProjectConfigurationPlatforms) = postSolution
		{54AD2938-84BD-4412-922E-03040D78C1DE}.Debug|Any CPU.ActiveCfg = Debug|Any CPU
		{54AD2938-84BD-4412-922E-03040D78C1DE}.Debug|Any CPU.Build.0 = Debug|Any CPU
		{54AD2938-84BD-4412-922E-03040D78C1DE}.Release|Any CPU.ActiveCfg = Release|Any CPU
		{54AD2938-84BD-4412-922E-03040D78C1DE}.Release|Any CPU.Build.0 = Release|Any CPU
	EndGlobalSection
	GlobalSection(SolutionProperties) = preSolution
		HideSolutionNode = FALSE
	EndGlobalSection
	GlobalSection(ExtensibilityGlobals) = postSolution
		SolutionGuid = {5B2991FE-9E4D-409F-8D79-C8541871AD19}
	EndGlobalSection
EndGlobal
